
Microsoft Visual Studio Solution File, Format Version 12.00
# Visual Studio Version 17
VisualStudioVersion = 17.0.31903.59
MinimumVisualStudioVersion = 10.0.40219.1
Project("{FAE04EC0-301F-11D3-BF4B-00C04F79EFBC}") = "DataDock.Core", "DataDock.Core\DataDock.Core.csproj", "{3AF50DCD-35E6-43A2-8D56-203A9859C8BC}"
EndProject
Project("{FAE04EC0-301F-11D3-BF4B-00C04F79EFBC}") = "DataDock.Cli", "DataDock.Cli\DataDock.Cli.csproj", "{2CEAE6B7-4C30-4775-991D-A1EA4CC357A0}"
EndProject
Project("{FAE04EC0-301F-11D3-BF4B-00C04F79EFBC}") = "DataDock.Tests", "DataDock.Tests\DataDock.Tests.csproj", "{79C3DABB-1EB2-46B3-B3B3-26C242B8E872}"
EndProject
Project("{FAE04EC0-301F-11D3-BF4B-00C04F79EFBC}") = "DataDock.Gui", "DataDock.Gui\DataDock.Gui.csproj", "{E78A0F58-9A5D-4B14-BAC8-3159A5D245ED}"
EndProject
Project("{FAE04EC0-301F-11D3-BF4B-00C04F79EFBC}") = "DataDock.Services", "DataDock.Services\DataDock.Services.csproj", "{FCD03EB7-21BB-43F0-AF4C-D09219F9D9F0}"
EndProject
Project("{2150E333-8FDC-42A3-9474-1A3956D46DE8}") = "src", "src", "{89C14920-1E5A-482A-85A9-B67A4EC77A37}"
EndProject
Project("{FAE04EC0-301F-11D3-BF4B-00C04F79EFBC}") = "SchemaViz.Gui", "src\SchemaViz.Gui\SchemaViz.Gui.csproj", "{87CD81FB-6F9F-4F31-B29E-6FF2C66F1DF0}"
EndProject
Global
	GlobalSection(SolutionConfigurationPlatforms) = preSolution
		Debug|Any CPU = Debug|Any CPU
		Release|Any CPU = Release|Any CPU
	EndGlobalSection
	GlobalSection(SolutionProperties) = preSolution
		HideSolutionNode = FALSE
	EndGlobalSection
	GlobalSection(ProjectConfigurationPlatforms) = postSolution
		{3AF50DCD-35E6-43A2-8D56-203A9859C8BC}.Debug|Any CPU.ActiveCfg = Debug|Any CPU
		{3AF50DCD-35E6-43A2-8D56-203A9859C8BC}.Debug|Any CPU.Build.0 = Debug|Any CPU
		{3AF50DCD-35E6-43A2-8D56-203A9859C8BC}.Release|Any CPU.ActiveCfg = Release|Any CPU
		{3AF50DCD-35E6-43A2-8D56-203A9859C8BC}.Release|Any CPU.Build.0 = Release|Any CPU
		{2CEAE6B7-4C30-4775-991D-A1EA4CC357A0}.Debug|Any CPU.ActiveCfg = Debug|Any CPU
		{2CEAE6B7-4C30-4775-991D-A1EA4CC357A0}.Debug|Any CPU.Build.0 = Debug|Any CPU
		{2CEAE6B7-4C30-4775-991D-A1EA4CC357A0}.Release|Any CPU.ActiveCfg = Release|Any CPU
		{2CEAE6B7-4C30-4775-991D-A1EA4CC357A0}.Release|Any CPU.Build.0 = Release|Any CPU
		{79C3DABB-1EB2-46B3-B3B3-26C242B8E872}.Debug|Any CPU.ActiveCfg = Debug|Any CPU
		{79C3DABB-1EB2-46B3-B3B3-26C242B8E872}.Debug|Any CPU.Build.0 = Debug|Any CPU
		{79C3DABB-1EB2-46B3-B3B3-26C242B8E872}.Release|Any CPU.ActiveCfg = Release|Any CPU
		{79C3DABB-1EB2-46B3-B3B3-26C242B8E872}.Release|Any CPU.Build.0 = Release|Any CPU
		{E78A0F58-9A5D-4B14-BAC8-3159A5D245ED}.Debug|Any CPU.ActiveCfg = Debug|Any CPU
		{E78A0F58-9A5D-4B14-BAC8-3159A5D245ED}.Debug|Any CPU.Build.0 = Debug|Any CPU
		{E78A0F58-9A5D-4B14-BAC8-3159A5D245ED}.Release|Any CPU.ActiveCfg = Release|Any CPU
		{E78A0F58-9A5D-4B14-BAC8-3159A5D245ED}.Release|Any CPU.Build.0 = Release|Any CPU
		{FCD03EB7-21BB-43F0-AF4C-D09219F9D9F0}.Debug|Any CPU.ActiveCfg = Debug|Any CPU
		{FCD03EB7-21BB-43F0-AF4C-D09219F9D9F0}.Debug|Any CPU.Build.0 = Debug|Any CPU
		{FCD03EB7-21BB-43F0-AF4C-D09219F9D9F0}.Release|Any CPU.ActiveCfg = Release|Any CPU
		{FCD03EB7-21BB-43F0-AF4C-D09219F9D9F0}.Release|Any CPU.Build.0 = Release|Any CPU
		{87CD81FB-6F9F-4F31-B29E-6FF2C66F1DF0}.Debug|Any CPU.ActiveCfg = Debug|Any CPU
		{87CD81FB-6F9F-4F31-B29E-6FF2C66F1DF0}.Debug|Any CPU.Build.0 = Debug|Any CPU
		{87CD81FB-6F9F-4F31-B29E-6FF2C66F1DF0}.Release|Any CPU.ActiveCfg = Release|Any CPU
		{87CD81FB-6F9F-4F31-B29E-6FF2C66F1DF0}.Release|Any CPU.Build.0 = Release|Any CPU
	EndGlobalSection
	GlobalSection(NestedProjects) = preSolution
		{87CD81FB-6F9F-4F31-B29E-6FF2C66F1DF0} = {89C14920-1E5A-482A-85A9-B67A4EC77A37}
	EndGlobalSection
EndGlobal
